
Microsoft Visual Studio Solution File, Format Version 12.00
# Visual Studio Version 17
VisualStudioVersion = 17.12.35527.113 d17.12
MinimumVisualStudioVersion = 10.0.40219.1
Project("{FAE04EC0-301F-11D3-BF4B-00C04F79EFBC}") = "TestWpfApp", "TestWpfApp\TestWpfApp.csproj", "{296C1EAE-413A-412F-B26D-E7D97EDF2A4D}"
EndProject
Project("{FAE04EC0-301F-11D3-BF4B-00C04F79EFBC}") = "TestWpfApp.Data", "TestWpfApp.Data\TestWpfApp.Data.csproj", "{6AB80F4B-489F-4227-B669-97AFCAF65BB9}"
EndProject
Global
	GlobalSection(SolutionConfigurationPlatforms) = preSolution
		Debug|Any CPU = Debug|Any CPU
		Release|Any CPU = Release|Any CPU
	EndGlobalSection
	GlobalSection(ProjectConfigurationPlatforms) = postSolution
		{296C1EAE-413A-412F-B26D-E7D97EDF2A4D}.Debug|Any CPU.ActiveCfg = Debug|Any CPU
		{296C1EAE-413A-412F-B26D-E7D97EDF2A4D}.Debug|Any CPU.Build.0 = Debug|Any CPU
		{296C1EAE-413A-412F-B26D-E7D97EDF2A4D}.Release|Any CPU.ActiveCfg = Release|Any CPU
		{296C1EAE-413A-412F-B26D-E7D97EDF2A4D}.Release|Any CPU.Build.0 = Release|Any CPU
		{6AB80F4B-489F-4227-B669-97AFCAF65BB9}.Debug|Any CPU.ActiveCfg = Debug|Any CPU
		{6AB80F4B-489F-4227-B669-97AFCAF65BB9}.Debug|Any CPU.Build.0 = Debug|Any CPU
		{6AB80F4B-489F-4227-B669-97AFCAF65BB9}.Release|Any CPU.ActiveCfg = Release|Any CPU
		{6AB80F4B-489F-4227-B669-97AFCAF65BB9}.Release|Any CPU.Build.0 = Release|Any CPU
	EndGlobalSection
	GlobalSection(SolutionProperties) = preSolution
		HideSolutionNode = FALSE
	EndGlobalSection
EndGlobal
